
Microsoft Visual Studio Solution File, Format Version 12.00
# Visual Studio Version 17
VisualStudioVersion = 17.1.32210.238
MinimumVisualStudioVersion = 10.0.40219.1
Project("{FAE04EC0-301F-11D3-BF4B-00C04F79EFBC}") = "MODUL8_1302201132", "MODUL8_1302201132\MODUL8_1302201132.csproj", "{ACDF7543-7BE7-4A3D-9461-AFE27AA9E177}"
EndProject
Global
	GlobalSection(SolutionConfigurationPlatforms) = preSolution
		Debug|Any CPU = Debug|Any CPU
		Release|Any CPU = Release|Any CPU
	EndGlobalSection
	GlobalSection(ProjectConfigurationPlatforms) = postSolution
		{ACDF7543-7BE7-4A3D-9461-AFE27AA9E177}.Debug|Any CPU.ActiveCfg = Debug|Any CPU
		{ACDF7543-7BE7-4A3D-9461-AFE27AA9E177}.Debug|Any CPU.Build.0 = Debug|Any CPU
		{ACDF7543-7BE7-4A3D-9461-AFE27AA9E177}.Release|Any CPU.ActiveCfg = Release|Any CPU
		{ACDF7543-7BE7-4A3D-9461-AFE27AA9E177}.Release|Any CPU.Build.0 = Release|Any CPU
	EndGlobalSection
	GlobalSection(SolutionProperties) = preSolution
		HideSolutionNode = FALSE
	EndGlobalSection
	GlobalSection(ExtensibilityGlobals) = postSolution
		SolutionGuid = {3D3A1C3F-1FBA-49EC-ACA4-96C5DB86F959}
	EndGlobalSection
EndGlobal
